# This file is generated by running "yarn install" inside your project.
# Manual changes might be lost - proceed with caution!

__metadata:
  version: 6
  cacheKey: 8

"aeft.jsx@workspace:.":
  version: 0.0.0-use.local
  resolution: "aeft.jsx@workspace:."
  dependencies:
    prettier: ^3.0.3
  languageName: unknown
  linkType: soft

"prettier@npm:^3.0.3":
  version: 3.1.1
  resolution: "prettier@npm:3.1.1"
  bin:
    prettier: bin/prettier.cjs
  checksum: e386855e3a1af86a748e16953f168be555ce66d6233f4ba54eb6449b88eb0c6b2ca79441b11eae6d28a7f9a5c96440ce50864b9d5f6356d331d39d6bb66c648e
  languageName: node
  linkType: hard
